
Microsoft Visual Studio Solution File, Format Version 12.00
# Visual Studio Version 17
VisualStudioVersion = 17.8.34322.80
MinimumVisualStudioVersion = 10.0.40219.1
Project("{FAE04EC0-301F-11D3-BF4B-00C04F79EFBC}") = "MK1", "MK1\MK1.csproj", "{E6D44797-027E-40C3-9FF5-6CC1AA12EF1D}"
EndProject
Global
	GlobalSection(SolutionConfigurationPlatforms) = preSolution
		Debug|Any CPU = Debug|Any CPU
		Release|Any CPU = Release|Any CPU
	EndGlobalSection
	GlobalSection(ProjectConfigurationPlatforms) = postSolution
		{E6D44797-027E-40C3-9FF5-6CC1AA12EF1D}.Debug|Any CPU.ActiveCfg = Debug|Any CPU
		{E6D44797-027E-40C3-9FF5-6CC1AA12EF1D}.Debug|Any CPU.Build.0 = Debug|Any CPU
		{E6D44797-027E-40C3-9FF5-6CC1AA12EF1D}.Debug|Any CPU.Deploy.0 = Debug|Any CPU
		{E6D44797-027E-40C3-9FF5-6CC1AA12EF1D}.Release|Any CPU.ActiveCfg = Release|Any CPU
		{E6D44797-027E-40C3-9FF5-6CC1AA12EF1D}.Release|Any CPU.Build.0 = Release|Any CPU
		{E6D44797-027E-40C3-9FF5-6CC1AA12EF1D}.Release|Any CPU.Deploy.0 = Release|Any CPU
	EndGlobalSection
	GlobalSection(SolutionProperties) = preSolution
		HideSolutionNode = FALSE
	EndGlobalSection
	GlobalSection(ExtensibilityGlobals) = postSolution
		SolutionGuid = {F1666BA0-9ABD-4678-95B9-DE018606F34F}
	EndGlobalSection
EndGlobal
